
Microsoft Visual Studio Solution File, Format Version 12.00
# Visual Studio 15
VisualStudioVersion = 15.0.27703.2042
MinimumVisualStudioVersion = 10.0.40219.1
Project("{FAE04EC0-301F-11D3-BF4B-00C04F79EFBC}") = "AI_Art", "AI_Art\AI_Art.csproj", "{DCE1FE80-6C3C-4BE1-95EA-17107E059B75}"
EndProject
Global
	GlobalSection(SolutionConfigurationPlatforms) = preSolution
		Debug|Any CPU = Debug|Any CPU
		Release|Any CPU = Release|Any CPU
	EndGlobalSection
	GlobalSection(ProjectConfigurationPlatforms) = postSolution
		{DCE1FE80-6C3C-4BE1-95EA-17107E059B75}.Debug|Any CPU.ActiveCfg = Debug|Any CPU
		{DCE1FE80-6C3C-4BE1-95EA-17107E059B75}.Debug|Any CPU.Build.0 = Debug|Any CPU
		{DCE1FE80-6C3C-4BE1-95EA-17107E059B75}.Release|Any CPU.ActiveCfg = Release|Any CPU
		{DCE1FE80-6C3C-4BE1-95EA-17107E059B75}.Release|Any CPU.Build.0 = Release|Any CPU
	EndGlobalSection
	GlobalSection(SolutionProperties) = preSolution
		HideSolutionNode = FALSE
	EndGlobalSection
	GlobalSection(ExtensibilityGlobals) = postSolution
		SolutionGuid = {3D1D6EE4-0189-4C6E-A316-E2605FAFCE97}
	EndGlobalSection
EndGlobal
